
Microsoft Visual Studio Solution File, Format Version 12.00
# Visual Studio Version 16
VisualStudioVersion = 16.0.30804.86
MinimumVisualStudioVersion = 10.0.40219.1
Project("{9A19103F-16F7-4668-BE54-9A1E7A4F7556}") = "StudyForHomework", "StudyForHomework\StudyForHomework.csproj", "{0EB9D606-0147-4131-B97E-BD8418063CD0}"
EndProject
Project("{FAE04EC0-301F-11D3-BF4B-00C04F79EFBC}") = "Metotlar", "Metotlar\Metotlar.csproj", "{1D755949-C75E-4D24-9646-96D2BFF61994}"
EndProject
Project("{FAE04EC0-301F-11D3-BF4B-00C04F79EFBC}") = "Matematik", "Matematik\Matematik.csproj", "{C1E23A4B-ED7B-488F-8BC9-9624C3DB1FE4}"
EndProject
Project("{FAE04EC0-301F-11D3-BF4B-00C04F79EFBC}") = "DegerveReferanfTipler", "DegerveReferanfTipler\DegerveReferanfTipler.csproj", "{1B201E77-7B05-40A8-8CB2-60DC8AA18DB4}"
EndProject
Global
	GlobalSection(SolutionConfigurationPlatforms) = preSolution
		Debug|Any CPU = Debug|Any CPU
		Release|Any CPU = Release|Any CPU
	EndGlobalSection
	GlobalSection(ProjectConfigurationPlatforms) = postSolution
		{0EB9D606-0147-4131-B97E-BD8418063CD0}.Debug|Any CPU.ActiveCfg = Debug|Any CPU
		{0EB9D606-0147-4131-B97E-BD8418063CD0}.Debug|Any CPU.Build.0 = Debug|Any CPU
		{0EB9D606-0147-4131-B97E-BD8418063CD0}.Release|Any CPU.ActiveCfg = Release|Any CPU
		{0EB9D606-0147-4131-B97E-BD8418063CD0}.Release|Any CPU.Build.0 = Release|Any CPU
		{1D755949-C75E-4D24-9646-96D2BFF61994}.Debug|Any CPU.ActiveCfg = Debug|Any CPU
		{1D755949-C75E-4D24-9646-96D2BFF61994}.Debug|Any CPU.Build.0 = Debug|Any CPU
		{1D755949-C75E-4D24-9646-96D2BFF61994}.Release|Any CPU.ActiveCfg = Release|Any CPU
		{1D755949-C75E-4D24-9646-96D2BFF61994}.Release|Any CPU.Build.0 = Release|Any CPU
		{C1E23A4B-ED7B-488F-8BC9-9624C3DB1FE4}.Debug|Any CPU.ActiveCfg = Debug|Any CPU
		{C1E23A4B-ED7B-488F-8BC9-9624C3DB1FE4}.Debug|Any CPU.Build.0 = Debug|Any CPU
		{C1E23A4B-ED7B-488F-8BC9-9624C3DB1FE4}.Release|Any CPU.ActiveCfg = Release|Any CPU
		{C1E23A4B-ED7B-488F-8BC9-9624C3DB1FE4}.Release|Any CPU.Build.0 = Release|Any CPU
		{1B201E77-7B05-40A8-8CB2-60DC8AA18DB4}.Debug|Any CPU.ActiveCfg = Debug|Any CPU
		{1B201E77-7B05-40A8-8CB2-60DC8AA18DB4}.Debug|Any CPU.Build.0 = Debug|Any CPU
		{1B201E77-7B05-40A8-8CB2-60DC8AA18DB4}.Release|Any CPU.ActiveCfg = Release|Any CPU
		{1B201E77-7B05-40A8-8CB2-60DC8AA18DB4}.Release|Any CPU.Build.0 = Release|Any CPU
	EndGlobalSection
	GlobalSection(SolutionProperties) = preSolution
		HideSolutionNode = FALSE
	EndGlobalSection
	GlobalSection(ExtensibilityGlobals) = postSolution
		SolutionGuid = {3B65BB0D-E2CE-4538-B0E4-A2CD60831758}
	EndGlobalSection
EndGlobal
